
Microsoft Visual Studio Solution File, Format Version 12.00
# Visual Studio 14
VisualStudioVersion = 14.0.24720.0
MinimumVisualStudioVersion = 10.0.40219.1
Project("{FAE04EC0-301F-11D3-BF4B-00C04F79EFBC}") = "Hangfire.Highlighter", "Hangfire.Highlighter\Hangfire.Highlighter.csproj", "{64B3E555-AEC6-488E-B3A2-72B6D2D1720B}"
EndProject
Project("{FAE04EC0-301F-11D3-BF4B-00C04F79EFBC}") = "Hangfire.Highlighter.Tests", "Hangfire.Highlighter.Tests\Hangfire.Highlighter.Tests.csproj", "{318B524A-CBD8-4C4B-B138-209EF3AA78E5}"
EndProject
Global
	GlobalSection(SolutionConfigurationPlatforms) = preSolution
		Debug|Any CPU = Debug|Any CPU
		Release|Any CPU = Release|Any CPU
	EndGlobalSection
	GlobalSection(ProjectConfigurationPlatforms) = postSolution
		{64B3E555-AEC6-488E-B3A2-72B6D2D1720B}.Debug|Any CPU.ActiveCfg = Debug|Any CPU
		{64B3E555-AEC6-488E-B3A2-72B6D2D1720B}.Debug|Any CPU.Build.0 = Debug|Any CPU
		{64B3E555-AEC6-488E-B3A2-72B6D2D1720B}.Release|Any CPU.ActiveCfg = Release|Any CPU
		{64B3E555-AEC6-488E-B3A2-72B6D2D1720B}.Release|Any CPU.Build.0 = Release|Any CPU
		{318B524A-CBD8-4C4B-B138-209EF3AA78E5}.Debug|Any CPU.ActiveCfg = Debug|Any CPU
		{318B524A-CBD8-4C4B-B138-209EF3AA78E5}.Debug|Any CPU.Build.0 = Debug|Any CPU
		{318B524A-CBD8-4C4B-B138-209EF3AA78E5}.Release|Any CPU.ActiveCfg = Release|Any CPU
		{318B524A-CBD8-4C4B-B138-209EF3AA78E5}.Release|Any CPU.Build.0 = Release|Any CPU
	EndGlobalSection
	GlobalSection(SolutionProperties) = preSolution
		HideSolutionNode = FALSE
	EndGlobalSection
EndGlobal
